
Microsoft Visual Studio Solution File, Format Version 12.00
# Visual Studio Version 17
VisualStudioVersion = 17.5.002.0
MinimumVisualStudioVersion = 10.0.40219.1
Project("{2150E333-8FDC-42A3-9474-1A3956D46DE8}") = "backend", "backend", "{A49CE349-91D2-4D80-A78F-AEC3BC78F740}"
EndProject
Project("{9A19103F-16F7-4668-BE54-9A1E7A4F7556}") = "api", "backend\api\api.csproj", "{26D0713B-45F8-4CAF-971A-257BDBCBD0D2}"
EndProject
Global
	GlobalSection(SolutionConfigurationPlatforms) = preSolution
		Debug|Any CPU = Debug|Any CPU
		Release|Any CPU = Release|Any CPU
	EndGlobalSection
	GlobalSection(ProjectConfigurationPlatforms) = postSolution
		{26D0713B-45F8-4CAF-971A-257BDBCBD0D2}.Debug|Any CPU.ActiveCfg = Debug|Any CPU
		{26D0713B-45F8-4CAF-971A-257BDBCBD0D2}.Debug|Any CPU.Build.0 = Debug|Any CPU
		{26D0713B-45F8-4CAF-971A-257BDBCBD0D2}.Release|Any CPU.ActiveCfg = Release|Any CPU
		{26D0713B-45F8-4CAF-971A-257BDBCBD0D2}.Release|Any CPU.Build.0 = Release|Any CPU
	EndGlobalSection
	GlobalSection(SolutionProperties) = preSolution
		HideSolutionNode = FALSE
	EndGlobalSection
	GlobalSection(NestedProjects) = preSolution
		{26D0713B-45F8-4CAF-971A-257BDBCBD0D2} = {A49CE349-91D2-4D80-A78F-AEC3BC78F740}
	EndGlobalSection
	GlobalSection(ExtensibilityGlobals) = postSolution
		SolutionGuid = {EDE2A9CD-A293-4DF8-9075-661E3C00839F}
	EndGlobalSection
EndGlobal
